PODS:
  - LGSideMenuController (2.1.1)

DEPENDENCIES:
  - LGSideMenuController

SPEC REPOS:
  https://github.com/cocoapods/specs.git:
    - LGSideMenuController

SPEC CHECKSUMS:
  LGSideMenuController: ae40c80983ab8b8801c7cef0a6804d43aaa72d45

PODFILE CHECKSUM: 1767030ae7c99e8a91fbdf5374bd13606ad30c7c

COCOAPODS: 1.6.0.beta.2
