// !$*UTF8*$!
{
	archiveVersion = 1;
	classes = {
	};
	objectVersion = 50;
	objects = {

/* Begin PBXBuildFile section */
		22367408FCA31931C1E210E1 /* libPods-aircreditTests.a in Frameworks */ = {isa = PBXBuildFile; fileRef = 3BC278FCD4E33F9B5D97947C /* libPods-aircreditTests.a */; };
		92608D1221B94C88000A419A /* AppDelegate.swift in Sources */ = {isa = PBXBuildFile; fileRef = 92608D1121B94C88000A419A /* AppDelegate.swift */; };
		92608D1421B94C88000A419A /* ViewController.swift in Sources */ = {isa = PBXBuildFile; fileRef = 92608D1321B94C88000A419A /* ViewController.swift */; };
		92608D1721B94C88000A419A /* Main.storyboard in Resources */ = {isa = PBXBuildFile; fileRef = 92608D1521B94C88000A419A /* Main.storyboard */; };
		92608D1921B94C89000A419A /* Assets.xcassets in Resources */ = {isa = PBXBuildFile; fileRef = 92608D1821B94C89000A419A /* Assets.xcassets */; };
		92608D1C21B94C89000A419A /* LaunchScreen.storyboard in Resources */ = {isa = PBXBuildFile; fileRef = 92608D1A21B94C89000A419A /* LaunchScreen.storyboard */; };
		92608D2721B94C89000A419A /* aircreditTests.swift in Sources */ = {isa = PBXBuildFile; fileRef = 92608D2621B94C89000A419A /* aircreditTests.swift */; };
		92608D7221B998C3000A419A /* video.mov in Resources */ = {isa = PBXBuildFile; fileRef = 92608D7121B998C3000A419A /* video.mov */; };
		92608D8221B99F0A000A419A /* DeviceInfo.swift in Sources */ = {isa = PBXBuildFile; fileRef = 92608D8121B99F0A000A419A /* DeviceInfo.swift */; };
		92608D9021B9CB35000A419A /* UIColor.swift in Sources */ = {isa = PBXBuildFile; fileRef = 92608D8F21B9CB35000A419A /* UIColor.swift */; };
		92608D9321B9CB73000A419A /* User.swift in Sources */ = {isa = PBXBuildFile; fileRef = 92608D9221B9CB73000A419A /* User.swift */; };
		92608D9521B9CBF7000A419A /* MenuItem.swift in Sources */ = {isa = PBXBuildFile; fileRef = 92608D9421B9CBF7000A419A /* MenuItem.swift */; };
		9262DFAA21BDCB2800E35879 /* fastlaneSnapshots.swift in Sources */ = {isa = PBXBuildFile; fileRef = 9262DFA921BDCB2800E35879 /* fastlaneSnapshots.swift */; };
		9262DFB121BDCB7E00E35879 /* aircreditUITests.swift in Sources */ = {isa = PBXBuildFile; fileRef = 92608D3121B94C89000A419A /* aircreditUITests.swift */; };
		9262DFB321BDCCA400E35879 /* SnapshotHelper.swift in Sources */ = {isa = PBXBuildFile; fileRef = 9262DFB221BDCCA300E35879 /* SnapshotHelper.swift */; };
		9262DFB521BE921F00E35879 /* MenuViewController.swift in Sources */ = {isa = PBXBuildFile; fileRef = 9262DFB421BE921F00E35879 /* MenuViewController.swift */; };
		9262DFB821BE929F00E35879 /* UserChatCellView.swift in Sources */ = {isa = PBXBuildFile; fileRef = 9262DFB721BE929F00E35879 /* UserChatCellView.swift */; };
		92FB411221BD5E3200594F40 /* Logger.swift in Sources */ = {isa = PBXBuildFile; fileRef = 92FB411121BD5E3200594F40 /* Logger.swift */; };
		AA546819C17754850B8BA372 /* libPods-aircredit.a in Frameworks */ = {isa = PBXBuildFile; fileRef = 9E7E1D53F95142A076A8534C /* libPods-aircredit.a */; };
		E033E39D4AAC2B58C703E618 /* libPods-aircreditUITests.a in Frameworks */ = {isa = PBXBuildFile; fileRef = AC27D9B8A8FE4E2267E7DB31 /* libPods-aircreditUITests.a */; };
/* End PBXBuildFile section */

/* Begin PBXContainerItemProxy section */
		92608D2321B94C89000A419A /* PBXContainerItemProxy */ = {
			isa = PBXContainerItemProxy;
			containerPortal = 92608D0621B94C88000A419A /* Project object */;
			proxyType = 1;
			remoteGlobalIDString = 92608D0D21B94C88000A419A;
			remoteInfo = aircredit;
		};
		92608D2E21B94C89000A419A /* PBXContainerItemProxy */ = {
			isa = PBXContainerItemProxy;
			containerPortal = 92608D0621B94C88000A419A /* Project object */;
			proxyType = 1;
			remoteGlobalIDString = 92608D0D21B94C88000A419A;
			remoteInfo = aircredit;
		};
		9262DFAC21BDCB2800E35879 /* PBXContainerItemProxy */ = {
			isa = PBXContainerItemProxy;
			containerPortal = 92608D0621B94C88000A419A /* Project object */;
			proxyType = 1;
			remoteGlobalIDString = 92608D0D21B94C88000A419A;
			remoteInfo = aircredit;
		};
/* End PBXContainerItemProxy section */

/* Begin PBXFileReference section */
		112D8183DFCFE6FF2224DCCA /* Pods-aircreditTests.release.xcconfig */ = {isa = PBXFileReference; includeInIndex = 1; lastKnownFileType = text.xcconfig; name = "Pods-aircreditTests.release.xcconfig"; path = "Target Support Files/Pods-aircreditTests/Pods-aircreditTests.release.xcconfig"; sourceTree = "<group>"; };
		3BC278FCD4E33F9B5D97947C /* libPods-aircreditTests.a */ = {isa = PBXFileReference; explicitFileType = archive.ar; includeInIndex = 0; path = "libPods-aircreditTests.a"; sourceTree = BUILT_PRODUCTS_DIR; };
		4FA2D8FA94EC87E903392C28 /* Pods-aircredit.debug.xcconfig */ = {isa = PBXFileReference; includeInIndex = 1; lastKnownFileType = text.xcconfig; name = "Pods-aircredit.debug.xcconfig"; path = "Target Support Files/Pods-aircredit/Pods-aircredit.debug.xcconfig"; sourceTree = "<group>"; };
		89FBB6CE1F2FD30EE91C2484 /* Pods-aircreditTests.debug.xcconfig */ = {isa = PBXFileReference; includeInIndex = 1; lastKnownFileType = text.xcconfig; name = "Pods-aircreditTests.debug.xcconfig"; path = "Target Support Files/Pods-aircreditTests/Pods-aircreditTests.debug.xcconfig"; sourceTree = "<group>"; };
		92608D0E21B94C88000A419A /* aircredit.app */ = {isa = PBXFileReference; explicitFileType = wrapper.application; includeInIndex = 0; path = aircredit.app; sourceTree = BUILT_PRODUCTS_DIR; };
		92608D1121B94C88000A419A /* AppDelegate.swift */ = {isa = PBXFileReference; lastKnownFileType = sourcecode.swift; path = AppDelegate.swift; sourceTree = "<group>"; };
		92608D1321B94C88000A419A /* ViewController.swift */ = {isa = PBXFileReference; lastKnownFileType = sourcecode.swift; path = ViewController.swift; sourceTree = "<group>"; };
		92608D1621B94C88000A419A /* Base */ = {isa = PBXFileReference; lastKnownFileType = file.storyboard; name = Base; path = Base.lproj/Main.storyboard; sourceTree = "<group>"; };
		92608D1821B94C89000A419A /* Assets.xcassets */ = {isa = PBXFileReference; lastKnownFileType = folder.assetcatalog; path = Assets.xcassets; sourceTree = "<group>"; };
		92608D1B21B94C89000A419A /* Base */ = {isa = PBXFileReference; lastKnownFileType = file.storyboard; name = Base; path = Base.lproj/LaunchScreen.storyboard; sourceTree = "<group>"; };
		92608D1D21B94C89000A419A /* Info.plist */ = {isa = PBXFileReference; lastKnownFileType = text.plist.xml; path = Info.plist; sourceTree = "<group>"; };
		92608D2221B94C89000A419A /* aircreditTests.xctest */ = {isa = PBXFileReference; explicitFileType = wrapper.cfbundle; includeInIndex = 0; path = aircreditTests.xctest; sourceTree = BUILT_PRODUCTS_DIR; };
		92608D2621B94C89000A419A /* aircreditTests.swift */ = {isa = PBXFileReference; lastKnownFileType = sourcecode.swift; path = aircreditTests.swift; sourceTree = "<group>"; };
		92608D2821B94C89000A419A /* Info.plist */ = {isa = PBXFileReference; lastKnownFileType = text.plist.xml; path = Info.plist; sourceTree = "<group>"; };
		92608D2D21B94C89000A419A /* aircreditUITests.xctest */ = {isa = PBXFileReference; explicitFileType = wrapper.cfbundle; includeInIndex = 0; path = aircreditUITests.xctest; sourceTree = BUILT_PRODUCTS_DIR; };
		92608D3121B94C89000A419A /* aircreditUITests.swift */ = {isa = PBXFileReference; lastKnownFileType = sourcecode.swift; path = aircreditUITests.swift; sourceTree = "<group>"; };
		92608D3321B94C89000A419A /* Info.plist */ = {isa = PBXFileReference; lastKnownFileType = text.plist.xml; path = Info.plist; sourceTree = "<group>"; };
		92608D7121B998C3000A419A /* video.mov */ = {isa = PBXFileReference; lastKnownFileType = video.quicktime; path = video.mov; sourceTree = "<group>"; };
		92608D8121B99F0A000A419A /* DeviceInfo.swift */ = {isa = PBXFileReference; lastKnownFileType = sourcecode.swift; path = DeviceInfo.swift; sourceTree = "<group>"; };
		92608D8F21B9CB35000A419A /* UIColor.swift */ = {isa = PBXFileReference; fileEncoding = 4; lastKnownFileType = sourcecode.swift; path = UIColor.swift; sourceTree = "<group>"; };
		92608D9221B9CB73000A419A /* User.swift */ = {isa = PBXFileReference; lastKnownFileType = sourcecode.swift; path = User.swift; sourceTree = "<group>"; };
		92608D9421B9CBF7000A419A /* MenuItem.swift */ = {isa = PBXFileReference; lastKnownFileType = sourcecode.swift; path = MenuItem.swift; sourceTree = "<group>"; };
		9262DFA721BDCB2800E35879 /* fastlaneSnapshots.xctest */ = {isa = PBXFileReference; explicitFileType = wrapper.cfbundle; includeInIndex = 0; path = fastlaneSnapshots.xctest; sourceTree = BUILT_PRODUCTS_DIR; };
		9262DFA921BDCB2800E35879 /* fastlaneSnapshots.swift */ = {isa = PBXFileReference; lastKnownFileType = sourcecode.swift; path = fastlaneSnapshots.swift; sourceTree = "<group>"; };
		9262DFAB21BDCB2800E35879 /* Info.plist */ = {isa = PBXFileReference; lastKnownFileType = text.plist.xml; path = Info.plist; sourceTree = "<group>"; };
		9262DFB221BDCCA300E35879 /* SnapshotHelper.swift */ = {isa = PBXFileReference; fileEncoding = 4; lastKnownFileType = sourcecode.swift; path = SnapshotHelper.swift; sourceTree = "<group>"; };
		9262DFB421BE921F00E35879 /* MenuViewController.swift */ = {isa = PBXFileReference; lastKnownFileType = sourcecode.swift; path = MenuViewController.swift; sourceTree = "<group>"; };
		9262DFB721BE929F00E35879 /* UserChatCellView.swift */ = {isa = PBXFileReference; lastKnownFileType = sourcecode.swift; path = UserChatCellView.swift; sourceTree = "<group>"; };
		92FB411121BD5E3200594F40 /* Logger.swift */ = {isa = PBXFileReference; lastKnownFileType = sourcecode.swift; path = Logger.swift; sourceTree = "<group>"; };
		93BA77FFFE70B8C5B0AE0D64 /* Pods-aircreditUITests.debug.xcconfig */ = {isa = PBXFileReference; includeInIndex = 1; lastKnownFileType = text.xcconfig; name = "Pods-aircreditUITests.debug.xcconfig"; path = "Target Support Files/Pods-aircreditUITests/Pods-aircreditUITests.debug.xcconfig"; sourceTree = "<group>"; };
		99B26546F51929CC8A178181 /* Pods-aircreditUITests.release.xcconfig */ = {isa = PBXFileReference; includeInIndex = 1; lastKnownFileType = text.xcconfig; name = "Pods-aircreditUITests.release.xcconfig"; path = "Target Support Files/Pods-aircreditUITests/Pods-aircreditUITests.release.xcconfig"; sourceTree = "<group>"; };
		9E7E1D53F95142A076A8534C /* libPods-aircredit.a */ = {isa = PBXFileReference; explicitFileType = archive.ar; includeInIndex = 0; path = "libPods-aircredit.a"; sourceTree = BUILT_PRODUCTS_DIR; };
		AC27D9B8A8FE4E2267E7DB31 /* libPods-aircreditUITests.a */ = {isa = PBXFileReference; explicitFileType = archive.ar; includeInIndex = 0; path = "libPods-aircreditUITests.a"; sourceTree = BUILT_PRODUCTS_DIR; };
		DE611764B2194F1D90DE7173 /* Pods-aircredit.release.xcconfig */ = {isa = PBXFileReference; includeInIndex = 1; lastKnownFileType = text.xcconfig; name = "Pods-aircredit.release.xcconfig"; path = "Target Support Files/Pods-aircredit/Pods-aircredit.release.xcconfig"; sourceTree = "<group>"; };
/* End PBXFileReference section */

/* Begin PBXFrameworksBuildPhase section */
		92608D0B21B94C88000A419A /* Frameworks */ = {
			isa = PBXFrameworksBuildPhase;
			buildActionMask = 2147483647;
			files = (
				AA546819C17754850B8BA372 /* libPods-aircredit.a in Frameworks */,
			);
			runOnlyForDeploymentPostprocessing = 0;
		};
		92608D1F21B94C89000A419A /* Frameworks */ = {
			isa = PBXFrameworksBuildPhase;
			buildActionMask = 2147483647;
			files = (
				22367408FCA31931C1E210E1 /* libPods-aircreditTests.a in Frameworks */,
			);
			runOnlyForDeploymentPostprocessing = 0;
		};
		92608D2A21B94C89000A419A /* Frameworks */ = {
			isa = PBXFrameworksBuildPhase;
			buildActionMask = 2147483647;
			files = (
				E033E39D4AAC2B58C703E618 /* libPods-aircreditUITests.a in Frameworks */,
			);
			runOnlyForDeploymentPostprocessing = 0;
		};
		9262DFA421BDCB2800E35879 /* Frameworks */ = {
			isa = PBXFrameworksBuildPhase;
			buildActionMask = 2147483647;
			files = (
			);
			runOnlyForDeploymentPostprocessing = 0;
		};
/* End PBXFrameworksBuildPhase section */

/* Begin PBXGroup section */
		17D1CC866A7F416D9F0320CD /* Frameworks */ = {
			isa = PBXGroup;
			children = (
				9E7E1D53F95142A076A8534C /* libPods-aircredit.a */,
				3BC278FCD4E33F9B5D97947C /* libPods-aircreditTests.a */,
				AC27D9B8A8FE4E2267E7DB31 /* libPods-aircreditUITests.a */,
			);
			name = Frameworks;
			sourceTree = "<group>";
		};
		5336A7F3684FCB552AA1DDA1 /* Pods */ = {
			isa = PBXGroup;
			children = (
				4FA2D8FA94EC87E903392C28 /* Pods-aircredit.debug.xcconfig */,
				DE611764B2194F1D90DE7173 /* Pods-aircredit.release.xcconfig */,
				89FBB6CE1F2FD30EE91C2484 /* Pods-aircreditTests.debug.xcconfig */,
				112D8183DFCFE6FF2224DCCA /* Pods-aircreditTests.release.xcconfig */,
				93BA77FFFE70B8C5B0AE0D64 /* Pods-aircreditUITests.debug.xcconfig */,
				99B26546F51929CC8A178181 /* Pods-aircreditUITests.release.xcconfig */,
			);
			path = Pods;
			sourceTree = "<group>";
		};
		92608D0521B94C88000A419A = {
			isa = PBXGroup;
			children = (
				92608D1021B94C88000A419A /* aircredit */,
				92608D2521B94C89000A419A /* aircreditTests */,
				92608D3021B94C89000A419A /* aircreditUITests */,
				9262DFA821BDCB2800E35879 /* fastlaneSnapshots */,
				92608D0F21B94C88000A419A /* Products */,
				5336A7F3684FCB552AA1DDA1 /* Pods */,
				17D1CC866A7F416D9F0320CD /* Frameworks */,
			);
			sourceTree = "<group>";
		};
		92608D0F21B94C88000A419A /* Products */ = {
			isa = PBXGroup;
			children = (
				92608D0E21B94C88000A419A /* aircredit.app */,
				92608D2221B94C89000A419A /* aircreditTests.xctest */,
				92608D2D21B94C89000A419A /* aircreditUITests.xctest */,
				9262DFA721BDCB2800E35879 /* fastlaneSnapshots.xctest */,
			);
			name = Products;
			sourceTree = "<group>";
		};
		92608D1021B94C88000A419A /* aircredit */ = {
			isa = PBXGroup;
			children = (
				92608D9121B9CB55000A419A /* models */,
				9262DFB621BE928200E35879 /* cells */,
				92608D1121B94C88000A419A /* AppDelegate.swift */,
				92608D1321B94C88000A419A /* ViewController.swift */,
				9262DFB421BE921F00E35879 /* MenuViewController.swift */,
				92608D1521B94C88000A419A /* Main.storyboard */,
				92608D1A21B94C89000A419A /* LaunchScreen.storyboard */,
				92608D1D21B94C89000A419A /* Info.plist */,
				92608D1821B94C89000A419A /* Assets.xcassets */,
				92608D8021B99EDD000A419A /* utils */,
				92608D7021B998A6000A419A /* resources */,
			);
			path = aircredit;
			sourceTree = "<group>";
		};
		92608D2521B94C89000A419A /* aircreditTests */ = {
			isa = PBXGroup;
			children = (
				92608D2621B94C89000A419A /* aircreditTests.swift */,
				92608D2821B94C89000A419A /* Info.plist */,
			);
			path = aircreditTests;
			sourceTree = "<group>";
		};
		92608D3021B94C89000A419A /* aircreditUITests */ = {
			isa = PBXGroup;
			children = (
				92608D3121B94C89000A419A /* aircreditUITests.swift */,
				92608D3321B94C89000A419A /* Info.plist */,
			);
			path = aircreditUITests;
			sourceTree = "<group>";
		};
		92608D7021B998A6000A419A /* resources */ = {
			isa = PBXGroup;
			children = (
				92608D7121B998C3000A419A /* video.mov */,
			);
			path = resources;
			sourceTree = "<group>";
		};
		92608D8021B99EDD000A419A /* utils */ = {
			isa = PBXGroup;
			children = (
				92608D8F21B9CB35000A419A /* UIColor.swift */,
				92608D8121B99F0A000A419A /* DeviceInfo.swift */,
				92FB411121BD5E3200594F40 /* Logger.swift */,
			);
			path = utils;
			sourceTree = "<group>";
		};
		92608D9121B9CB55000A419A /* models */ = {
			isa = PBXGroup;
			children = (
				92608D9221B9CB73000A419A /* User.swift */,
				92608D9421B9CBF7000A419A /* MenuItem.swift */,
			);
			path = models;
			sourceTree = "<group>";
		};
		9262DFA821BDCB2800E35879 /* fastlaneSnapshots */ = {
			isa = PBXGroup;
			children = (
				9262DFB221BDCCA300E35879 /* SnapshotHelper.swift */,
				9262DFA921BDCB2800E35879 /* fastlaneSnapshots.swift */,
				9262DFAB21BDCB2800E35879 /* Info.plist */,
			);
			path = fastlaneSnapshots;
			sourceTree = "<group>";
		};
		9262DFB621BE928200E35879 /* cells */ = {
			isa = PBXGroup;
			children = (
				9262DFB721BE929F00E35879 /* UserChatCellView.swift */,
			);
			path = cells;
			sourceTree = "<group>";
		};
/* End PBXGroup section */

/* Begin PBXNativeTarget section */
		92608D0D21B94C88000A419A /* aircredit */ = {
			isa = PBXNativeTarget;
			buildConfigurationList = 92608D3621B94C89000A419A /* Build configuration list for PBXNativeTarget "aircredit" */;
			buildPhases = (
				208C1F7C84A658F7B72EF838 /* [CP] Check Pods Manifest.lock */,
				92608D0A21B94C88000A419A /* Sources */,
				92608D0B21B94C88000A419A /* Frameworks */,
				92608D0C21B94C88000A419A /* Resources */,
				925DC8AC21BAA73100904D42 /* Fabric Run */,
			);
			buildRules = (
			);
			dependencies = (
			);
			name = aircredit;
			productName = aircredit;
			productReference = 92608D0E21B94C88000A419A /* aircredit.app */;
			productType = "com.apple.product-type.application";
		};
		92608D2121B94C89000A419A /* aircreditTests */ = {
			isa = PBXNativeTarget;
			buildConfigurationList = 92608D3921B94C89000A419A /* Build configuration list for PBXNativeTarget "aircreditTests" */;
			buildPhases = (
				ABABC5EDBDF4323BA8F22640 /* [CP] Check Pods Manifest.lock */,
				92608D1E21B94C89000A419A /* Sources */,
				92608D1F21B94C89000A419A /* Frameworks */,
				92608D2021B94C89000A419A /* Resources */,
			);
			buildRules = (
			);
			dependencies = (
				92608D2421B94C89000A419A /* PBXTargetDependency */,
			);
			name = aircreditTests;
			productName = aircreditTests;
			productReference = 92608D2221B94C89000A419A /* aircreditTests.xctest */;
			productType = "com.apple.product-type.bundle.unit-test";
		};
		92608D2C21B94C89000A419A /* aircreditUITests */ = {
			isa = PBXNativeTarget;
			buildConfigurationList = 92608D3C21B94C89000A419A /* Build configuration list for PBXNativeTarget "aircreditUITests" */;
			buildPhases = (
				515A30907991BFFCAC603B00 /* [CP] Check Pods Manifest.lock */,
				92608D2921B94C89000A419A /* Sources */,
				92608D2A21B94C89000A419A /* Frameworks */,
				92608D2B21B94C89000A419A /* Resources */,
			);
			buildRules = (
			);
			dependencies = (
				92608D2F21B94C89000A419A /* PBXTargetDependency */,
			);
			name = aircreditUITests;
			productName = aircreditUITests;
			productReference = 92608D2D21B94C89000A419A /* aircreditUITests.xctest */;
			productType = "com.apple.product-type.bundle.ui-testing";
		};
		9262DFA621BDCB2800E35879 /* fastlaneSnapshots */ = {
			isa = PBXNativeTarget;
			buildConfigurationList = 9262DFAE21BDCB2800E35879 /* Build configuration list for PBXNativeTarget "fastlaneSnapshots" */;
			buildPhases = (
				9262DFA321BDCB2800E35879 /* Sources */,
				9262DFA421BDCB2800E35879 /* Frameworks */,
				9262DFA521BDCB2800E35879 /* Resources */,
			);
			buildRules = (
			);
			dependencies = (
				9262DFAD21BDCB2800E35879 /* PBXTargetDependency */,
			);
			name = fastlaneSnapshots;
			productName = fastlaneSnapshots;
			productReference = 9262DFA721BDCB2800E35879 /* fastlaneSnapshots.xctest */;
			productType = "com.apple.product-type.bundle.ui-testing";
		};
/* End PBXNativeTarget section */

/* Begin PBXProject section */
		92608D0621B94C88000A419A /* Project object */ = {
			isa = PBXProject;
			attributes = {
				LastSwiftUpdateCheck = 1010;
				LastUpgradeCheck = 1010;
				ORGANIZATIONNAME = "Michel Courtine";
				TargetAttributes = {
					92608D0D21B94C88000A419A = {
						CreatedOnToolsVersion = 10.1;
					};
					92608D2121B94C89000A419A = {
						CreatedOnToolsVersion = 10.1;
						TestTargetID = 92608D0D21B94C88000A419A;
					};
					92608D2C21B94C89000A419A = {
						CreatedOnToolsVersion = 10.1;
						TestTargetID = 92608D0D21B94C88000A419A;
					};
					9262DFA621BDCB2800E35879 = {
						CreatedOnToolsVersion = 10.1;
						TestTargetID = 92608D0D21B94C88000A419A;
					};
				};
			};
			buildConfigurationList = 92608D0921B94C88000A419A /* Build configuration list for PBXProject "aircredit" */;
			compatibilityVersion = "Xcode 9.3";
			developmentRegion = en;
			hasScannedForEncodings = 0;
			knownRegions = (
				en,
				Base,
			);
			mainGroup = 92608D0521B94C88000A419A;
			productRefGroup = 92608D0F21B94C88000A419A /* Products */;
			projectDirPath = "";
			projectRoot = "";
			targets = (
				92608D0D21B94C88000A419A /* aircredit */,
				92608D2121B94C89000A419A /* aircreditTests */,
				92608D2C21B94C89000A419A /* aircreditUITests */,
				9262DFA621BDCB2800E35879 /* fastlaneSnapshots */,
			);
		};
/* End PBXProject section */

/* Begin PBXResourcesBuildPhase section */
		92608D0C21B94C88000A419A /* Resources */ = {
			isa = PBXResourcesBuildPhase;
			buildActionMask = 2147483647;
			files = (
				92608D7221B998C3000A419A /* video.mov in Resources */,
				92608D1C21B94C89000A419A /* LaunchScreen.storyboard in Resources */,
				92608D1921B94C89000A419A /* Assets.xcassets in Resources */,
				92608D1721B94C88000A419A /* Main.storyboard in Resources */,
			);
			runOnlyForDeploymentPostprocessing = 0;
		};
		92608D2021B94C89000A419A /* Resources */ = {
			isa = PBXResourcesBuildPhase;
			buildActionMask = 2147483647;
			files = (
			);
			runOnlyForDeploymentPostprocessing = 0;
		};
		92608D2B21B94C89000A419A /* Resources */ = {
			isa = PBXResourcesBuildPhase;
			buildActionMask = 2147483647;
			files = (
			);
			runOnlyForDeploymentPostprocessing = 0;
		};
		9262DFA521BDCB2800E35879 /* Resources */ = {
			isa = PBXResourcesBuildPhase;
			buildActionMask = 2147483647;
			files = (
			);
			runOnlyForDeploymentPostprocessing = 0;
		};
/* End PBXResourcesBuildPhase section */

/* Begin PBXShellScriptBuildPhase section */
		208C1F7C84A658F7B72EF838 /* [CP] Check Pods Manifest.lock */ = {
			isa = PBXShellScriptBuildPhase;
			buildActionMask = 2147483647;
			files = (
			);
			inputFileListPaths = (
			);
			inputPaths = (
				"${PODS_PODFILE_DIR_PATH}/Podfile.lock",
				"${PODS_ROOT}/Manifest.lock",
			);
			name = "[CP] Check Pods Manifest.lock";
			outputFileListPaths = (
			);
			outputPaths = (
				"$(DERIVED_FILE_DIR)/Pods-aircredit-checkManifestLockResult.txt",
			);
			runOnlyForDeploymentPostprocessing = 0;
			shellPath = /bin/sh;
			shellScript = "diff \"${PODS_PODFILE_DIR_PATH}/Podfile.lock\" \"${PODS_ROOT}/Manifest.lock\" > /dev/null\nif [ $? != 0 ] ; then\n    # print error to STDERR\n    echo \"error: The sandbox is not in sync with the Podfile.lock. Run 'pod install' or update your CocoaPods installation.\" >&2\n    exit 1\nfi\n# This output is used by Xcode 'outputs' to avoid re-running this script phase.\necho \"SUCCESS\" > \"${SCRIPT_OUTPUT_FILE_0}\"\n";
			showEnvVarsInLog = 0;
		};
		515A30907991BFFCAC603B00 /* [CP] Check Pods Manifest.lock */ = {
			isa = PBXShellScriptBuildPhase;
			buildActionMask = 2147483647;
			files = (
			);
			inputFileListPaths = (
			);
			inputPaths = (
				"${PODS_PODFILE_DIR_PATH}/Podfile.lock",
				"${PODS_ROOT}/Manifest.lock",
			);
			name = "[CP] Check Pods Manifest.lock";
			outputFileListPaths = (
			);
			outputPaths = (
				"$(DERIVED_FILE_DIR)/Pods-aircreditUITests-checkManifestLockResult.txt",
			);
			runOnlyForDeploymentPostprocessing = 0;
			shellPath = /bin/sh;
			shellScript = "diff \"${PODS_PODFILE_DIR_PATH}/Podfile.lock\" \"${PODS_ROOT}/Manifest.lock\" > /dev/null\nif [ $? != 0 ] ; then\n    # print error to STDERR\n    echo \"error: The sandbox is not in sync with the Podfile.lock. Run 'pod install' or update your CocoaPods installation.\" >&2\n    exit 1\nfi\n# This output is used by Xcode 'outputs' to avoid re-running this script phase.\necho \"SUCCESS\" > \"${SCRIPT_OUTPUT_FILE_0}\"\n";
			showEnvVarsInLog = 0;
		};
		925DC8AC21BAA73100904D42 /* Fabric Run */ = {
			isa = PBXShellScriptBuildPhase;
			buildActionMask = 2147483647;
			files = (
			);
			inputFileListPaths = (
			);
			inputPaths = (
				"$(BUILT_PRODUCTS_DIR)/$(INFOPLIST_PATH)",
			);
			name = "Fabric Run";
			outputFileListPaths = (
			);
			outputPaths = (
			);
			runOnlyForDeploymentPostprocessing = 0;
			shellPath = /bin/sh;
			shellScript = "\"${PODS_ROOT}/Fabric/run\" fb931df74542114fa1c1ffbdfe87dadd77189efa dc4e60a0a3a966f72bb3fa5aa379454ac164ae52691bf52693add7fd890d889a\n";
		};
		ABABC5EDBDF4323BA8F22640 /* [CP] Check Pods Manifest.lock */ = {
			isa = PBXShellScriptBuildPhase;
			buildActionMask = 2147483647;
			files = (
			);
			inputFileListPaths = (
			);
			inputPaths = (
				"${PODS_PODFILE_DIR_PATH}/Podfile.lock",
				"${PODS_ROOT}/Manifest.lock",
			);
			name = "[CP] Check Pods Manifest.lock";
			outputFileListPaths = (
			);
			outputPaths = (
				"$(DERIVED_FILE_DIR)/Pods-aircreditTests-checkManifestLockResult.txt",
			);
			runOnlyForDeploymentPostprocessing = 0;
			shellPath = /bin/sh;
			shellScript = "diff \"${PODS_PODFILE_DIR_PATH}/Podfile.lock\" \"${PODS_ROOT}/Manifest.lock\" > /dev/null\nif [ $? != 0 ] ; then\n    # print error to STDERR\n    echo \"error: The sandbox is not in sync with the Podfile.lock. Run 'pod install' or update your CocoaPods installation.\" >&2\n    exit 1\nfi\n# This output is used by Xcode 'outputs' to avoid re-running this script phase.\necho \"SUCCESS\" > \"${SCRIPT_OUTPUT_FILE_0}\"\n";
			showEnvVarsInLog = 0;
		};
/* End PBXShellScriptBuildPhase section */

/* Begin PBXSourcesBuildPhase section */
		92608D0A21B94C88000A419A /* Sources */ = {
			isa = PBXSourcesBuildPhase;
			buildActionMask = 2147483647;
			files = (
				92608D1421B94C88000A419A /* ViewController.swift in Sources */,
				92608D9021B9CB35000A419A /* UIColor.swift in Sources */,
				92608D1221B94C88000A419A /* AppDelegate.swift in Sources */,
				92608D9521B9CBF7000A419A /* MenuItem.swift in Sources */,
				92FB411221BD5E3200594F40 /* Logger.swift in Sources */,
				92608D9321B9CB73000A419A /* User.swift in Sources */,
				92608D8221B99F0A000A419A /* DeviceInfo.swift in Sources */,
				9262DFB521BE921F00E35879 /* MenuViewController.swift in Sources */,
				9262DFB821BE929F00E35879 /* UserChatCellView.swift in Sources */,
			);
			runOnlyForDeploymentPostprocessing = 0;
		};
		92608D1E21B94C89000A419A /* Sources */ = {
			isa = PBXSourcesBuildPhase;
			buildActionMask = 2147483647;
			files = (
				92608D2721B94C89000A419A /* aircreditTests.swift in Sources */,
			);
			runOnlyForDeploymentPostprocessing = 0;
		};
		92608D2921B94C89000A419A /* Sources */ = {
			isa = PBXSourcesBuildPhase;
			buildActionMask = 2147483647;
			files = (
			);
			runOnlyForDeploymentPostprocessing = 0;
		};
		9262DFA321BDCB2800E35879 /* Sources */ = {
			isa = PBXSourcesBuildPhase;
			buildActionMask = 2147483647;
			files = (
				9262DFAA21BDCB2800E35879 /* fastlaneSnapshots.swift in Sources */,
				9262DFB121BDCB7E00E35879 /* aircreditUITests.swift in Sources */,
				9262DFB321BDCCA400E35879 /* SnapshotHelper.swift in Sources */,
			);
			runOnlyForDeploymentPostprocessing = 0;
		};
/* End PBXSourcesBuildPhase section */

/* Begin PBXTargetDependency section */
		92608D2421B94C89000A419A /* PBXTargetDependency */ = {
			isa = PBXTargetDependency;
			target = 92608D0D21B94C88000A419A /* aircredit */;
			targetProxy = 92608D2321B94C89000A419A /* PBXContainerItemProxy */;
		};
		92608D2F21B94C89000A419A /* PBXTargetDependency */ = {
			isa = PBXTargetDependency;
			target = 92608D0D21B94C88000A419A /* aircredit */;
			targetProxy = 92608D2E21B94C89000A419A /* PBXContainerItemProxy */;
		};
		9262DFAD21BDCB2800E35879 /* PBXTargetDependency */ = {
			isa = PBXTargetDependency;
			target = 92608D0D21B94C88000A419A /* aircredit */;
			targetProxy = 9262DFAC21BDCB2800E35879 /* PBXContainerItemProxy */;
		};
/* End PBXTargetDependency section */

/* Begin PBXVariantGroup section */
		92608D1521B94C88000A419A /* Main.storyboard */ = {
			isa = PBXVariantGroup;
			children = (
				92608D1621B94C88000A419A /* Base */,
			);
			name = Main.storyboard;
			sourceTree = "<group>";
		};
		92608D1A21B94C89000A419A /* LaunchScreen.storyboard */ = {
			isa = PBXVariantGroup;
			children = (
				92608D1B21B94C89000A419A /* Base */,
			);
			name = LaunchScreen.storyboard;
			sourceTree = "<group>";
		};
/* End PBXVariantGroup section */

/* Begin XCBuildConfiguration section */
		92608D3421B94C89000A419A /* Debug */ = {
			isa = XCBuildConfiguration;
			buildSettings = {
				ALWAYS_SEARCH_USER_PATHS = NO;
				CLANG_ANALYZER_NONNULL = YES;
				CLANG_ANALYZER_NUMBER_OBJECT_CONVERSION = YES_AGGRESSIVE;
				CLANG_CXX_LANGUAGE_STANDARD = "gnu++14";
				CLANG_CXX_LIBRARY = "libc++";
				CLANG_ENABLE_MODULES = YES;
				CLANG_ENABLE_OBJC_ARC = YES;
				CLANG_ENABLE_OBJC_WEAK = YES;
				CLANG_WARN_BLOCK_CAPTURE_AUTORELEASING = YES;
				CLANG_WARN_BOOL_CONVERSION = YES;
				CLANG_WARN_COMMA = YES;
				CLANG_WARN_CONSTANT_CONVERSION = YES;
				CLANG_WARN_DEPRECATED_OBJC_IMPLEMENTATIONS = YES;
				CLANG_WARN_DIRECT_OBJC_ISA_USAGE = YES_ERROR;
				CLANG_WARN_DOCUMENTATION_COMMENTS = YES;
				CLANG_WARN_EMPTY_BODY = YES;
				CLANG_WARN_ENUM_CONVERSION = YES;
				CLANG_WARN_INFINITE_RECURSION = YES;
				CLANG_WARN_INT_CONVERSION = YES;
				CLANG_WARN_NON_LITERAL_NULL_CONVERSION = YES;
				CLANG_WARN_OBJC_IMPLICIT_RETAIN_SELF = YES;
				CLANG_WARN_OBJC_LITERAL_CONVERSION = YES;
				CLANG_WARN_OBJC_ROOT_CLASS = YES_ERROR;
				CLANG_WARN_RANGE_LOOP_ANALYSIS = YES;
				CLANG_WARN_STRICT_PROTOTYPES = YES;
				CLANG_WARN_SUSPICIOUS_MOVE = YES;
				CLANG_WARN_UNGUARDED_AVAILABILITY = YES_AGGRESSIVE;
				CLANG_WARN_UNREACHABLE_CODE = YES;
				CLANG_WARN__DUPLICATE_METHOD_MATCH = YES;
				CODE_SIGN_IDENTITY = "iPhone Developer";
				COPY_PHASE_STRIP = NO;
				CURRENT_PROJECT_VERSION = 1.0.39;
				DEBUG_INFORMATION_FORMAT = "dwarf-with-dsym";
				ENABLE_STRICT_OBJC_MSGSEND = YES;
				ENABLE_TESTABILITY = YES;
				GCC_C_LANGUAGE_STANDARD = gnu11;
				GCC_DYNAMIC_NO_PIC = NO;
				GCC_NO_COMMON_BLOCKS = YES;
				GCC_OPTIMIZATION_LEVEL = 0;
				GCC_PREPROCESSOR_DEFINITIONS = (
					"DEBUG=1",
					"$(inherited)",
				);
				GCC_WARN_64_TO_32_BIT_CONVERSION = YES;
				GCC_WARN_ABOUT_RETURN_TYPE = YES_ERROR;
				GCC_WARN_UNDECLARED_SELECTOR = YES;
				GCC_WARN_UNINITIALIZED_AUTOS = YES_AGGRESSIVE;
				GCC_WARN_UNUSED_FUNCTION = YES;
				GCC_WARN_UNUSED_VARIABLE = YES;
				IPHONEOS_DEPLOYMENT_TARGET = 12.1;
				MTL_ENABLE_DEBUG_INFO = INCLUDE_SOURCE;
				MTL_FAST_MATH = YES;
				ONLY_ACTIVE_ARCH = YES;
				SDKROOT = iphoneos;
				SWIFT_ACTIVE_COMPILATION_CONDITIONS = DEBUG;
				SWIFT_OPTIMIZATION_LEVEL = "-Onone";
				VERSIONING_SYSTEM = "apple-generic";
			};
			name = Debug;
		};
		92608D3521B94C89000A419A /* Release */ = {
			isa = XCBuildConfiguration;
			buildSettings = {
				ALWAYS_SEARCH_USER_PATHS = NO;
				CLANG_ANALYZER_NONNULL = YES;
				CLANG_ANALYZER_NUMBER_OBJECT_CONVERSION = YES_AGGRESSIVE;
				CLANG_CXX_LANGUAGE_STANDARD = "gnu++14";
				CLANG_CXX_LIBRARY = "libc++";
				CLANG_ENABLE_MODULES = YES;
				CLANG_ENABLE_OBJC_ARC = YES;
				CLANG_ENABLE_OBJC_WEAK = YES;
				CLANG_WARN_BLOCK_CAPTURE_AUTORELEASING = YES;
				CLANG_WARN_BOOL_CONVERSION = YES;
				CLANG_WARN_COMMA = YES;
				CLANG_WARN_CONSTANT_CONVERSION = YES;
				CLANG_WARN_DEPRECATED_OBJC_IMPLEMENTATIONS = YES;
				CLANG_WARN_DIRECT_OBJC_ISA_USAGE = YES_ERROR;
				CLANG_WARN_DOCUMENTATION_COMMENTS = YES;
				CLANG_WARN_EMPTY_BODY = YES;
				CLANG_WARN_ENUM_CONVERSION = YES;
				CLANG_WARN_INFINITE_RECURSION = YES;
				CLANG_WARN_INT_CONVERSION = YES;
				CLANG_WARN_NON_LITERAL_NULL_CONVERSION = YES;
				CLANG_WARN_OBJC_IMPLICIT_RETAIN_SELF = YES;
				CLANG_WARN_OBJC_LITERAL_CONVERSION = YES;
				CLANG_WARN_OBJC_ROOT_CLASS = YES_ERROR;
				CLANG_WARN_RANGE_LOOP_ANALYSIS = YES;
				CLANG_WARN_STRICT_PROTOTYPES = YES;
				CLANG_WARN_SUSPICIOUS_MOVE = YES;
				CLANG_WARN_UNGUARDED_AVAILABILITY = YES_AGGRESSIVE;
				CLANG_WARN_UNREACHABLE_CODE = YES;
				CLANG_WARN__DUPLICATE_METHOD_MATCH = YES;
				CODE_SIGN_IDENTITY = "iPhone Developer";
				COPY_PHASE_STRIP = NO;
				CURRENT_PROJECT_VERSION = 1.0.39;
				DEBUG_INFORMATION_FORMAT = "dwarf-with-dsym";
				ENABLE_NS_ASSERTIONS = NO;
				ENABLE_STRICT_OBJC_MSGSEND = YES;
				GCC_C_LANGUAGE_STANDARD = gnu11;
				GCC_NO_COMMON_BLOCKS = YES;
				GCC_WARN_64_TO_32_BIT_CONVERSION = YES;
				GCC_WARN_ABOUT_RETURN_TYPE = YES_ERROR;
				GCC_WARN_UNDECLARED_SELECTOR = YES;
				GCC_WARN_UNINITIALIZED_AUTOS = YES_AGGRESSIVE;
				GCC_WARN_UNUSED_FUNCTION = YES;
				GCC_WARN_UNUSED_VARIABLE = YES;
				IPHONEOS_DEPLOYMENT_TARGET = 12.1;
				MTL_ENABLE_DEBUG_INFO = NO;
				MTL_FAST_MATH = YES;
				SDKROOT = iphoneos;
				SWIFT_COMPILATION_MODE = wholemodule;
				SWIFT_OPTIMIZATION_LEVEL = "-O";
				VALIDATE_PRODUCT = YES;
				VERSIONING_SYSTEM = "apple-generic";
			};
			name = Release;
		};
		92608D3721B94C89000A419A /* Debug */ = {
			isa = XCBuildConfiguration;
			baseConfigurationReference = 4FA2D8FA94EC87E903392C28 /* Pods-aircredit.debug.xcconfig */;
			buildSettings = {
				ASSETCATALOG_COMPILER_APPICON_NAME = AppIcon;
				CODE_SIGN_STYLE = Automatic;
				CURRENT_PROJECT_VERSION = 1.0.39;
				DEVELOPMENT_TEAM = D8282U6HWJ;
				INFOPLIST_FILE = aircredit/Info.plist;
				IPHONEOS_DEPLOYMENT_TARGET = 9.0;
				LD_RUNPATH_SEARCH_PATHS = (
					"$(inherited)",
					"@executable_path/Frameworks",
				);
				PRODUCT_BUNDLE_IDENTIFIER = credit.air.ios.aircredit;
				PRODUCT_NAME = "$(TARGET_NAME)";
				SWIFT_VERSION = 4.2;
				TARGETED_DEVICE_FAMILY = "1,2";
				VERSIONING_SYSTEM = "apple-generic";
			};
			name = Debug;
		};
		92608D3821B94C89000A419A /* Release */ = {
			isa = XCBuildConfiguration;
			baseConfigurationReference = DE611764B2194F1D90DE7173 /* Pods-aircredit.release.xcconfig */;
			buildSettings = {
				ASSETCATALOG_COMPILER_APPICON_NAME = AppIcon;
				CODE_SIGN_STYLE = Automatic;
				CURRENT_PROJECT_VERSION = 1.0.39;
				DEVELOPMENT_TEAM = D8282U6HWJ;
				INFOPLIST_FILE = aircredit/Info.plist;
				IPHONEOS_DEPLOYMENT_TARGET = 9.0;
				LD_RUNPATH_SEARCH_PATHS = (
					"$(inherited)",
					"@executable_path/Frameworks",
				);
				PRODUCT_BUNDLE_IDENTIFIER = credit.air.ios.aircredit;
				PRODUCT_NAME = "$(TARGET_NAME)";
				SWIFT_VERSION = 4.2;
				TARGETED_DEVICE_FAMILY = "1,2";
				VERSIONING_SYSTEM = "apple-generic";
			};
			name = Release;
		};
		92608D3A21B94C89000A419A /* Debug */ = {
			isa = XCBuildConfiguration;
			baseConfigurationReference = 89FBB6CE1F2FD30EE91C2484 /* Pods-aircreditTests.debug.xcconfig */;
			buildSettings = {
				ALWAYS_EMBED_SWIFT_STANDARD_LIBRARIES = YES;
				BUNDLE_LOADER = "$(TEST_HOST)";
				CODE_SIGN_STYLE = Automatic;
				DEVELOPMENT_TEAM = D8282U6HWJ;
				INFOPLIST_FILE = aircreditTests/Info.plist;
				LD_RUNPATH_SEARCH_PATHS = (
					"$(inherited)",
					"@executable_path/Frameworks",
					"@loader_path/Frameworks",
				);
				PRODUCT_BUNDLE_IDENTIFIER = credit.air.ios.aircreditTests;
				PRODUCT_NAME = "$(TARGET_NAME)";
				SWIFT_VERSION = 4.2;
				TARGETED_DEVICE_FAMILY = "1,2";
				TEST_HOST = "$(BUILT_PRODUCTS_DIR)/aircredit.app/aircredit";
			};
			name = Debug;
		};
		92608D3B21B94C89000A419A /* Release */ = {
			isa = XCBuildConfiguration;
			baseConfigurationReference = 112D8183DFCFE6FF2224DCCA /* Pods-aircreditTests.release.xcconfig */;
			buildSettings = {
				ALWAYS_EMBED_SWIFT_STANDARD_LIBRARIES = YES;
				BUNDLE_LOADER = "$(TEST_HOST)";
				CODE_SIGN_STYLE = Automatic;
				DEVELOPMENT_TEAM = D8282U6HWJ;
				INFOPLIST_FILE = aircreditTests/Info.plist;
				LD_RUNPATH_SEARCH_PATHS = (
					"$(inherited)",
					"@executable_path/Frameworks",
					"@loader_path/Frameworks",
				);
				PRODUCT_BUNDLE_IDENTIFIER = credit.air.ios.aircreditTests;
				PRODUCT_NAME = "$(TARGET_NAME)";
				SWIFT_VERSION = 4.2;
				TARGETED_DEVICE_FAMILY = "1,2";
				TEST_HOST = "$(BUILT_PRODUCTS_DIR)/aircredit.app/aircredit";
			};
			name = Release;
		};
		92608D3D21B94C89000A419A /* Debug */ = {
			isa = XCBuildConfiguration;
			baseConfigurationReference = 93BA77FFFE70B8C5B0AE0D64 /* Pods-aircreditUITests.debug.xcconfig */;
			buildSettings = {
				ALWAYS_EMBED_SWIFT_STANDARD_LIBRARIES = YES;
				CODE_SIGN_STYLE = Automatic;
				DEVELOPMENT_TEAM = D8282U6HWJ;
				INFOPLIST_FILE = aircreditUITests/Info.plist;
				LD_RUNPATH_SEARCH_PATHS = (
					"$(inherited)",
					"@executable_path/Frameworks",
					"@loader_path/Frameworks",
				);
				PRODUCT_BUNDLE_IDENTIFIER = credit.air.ios.aircreditUITests;
				PRODUCT_NAME = "$(TARGET_NAME)";
				SWIFT_VERSION = 4.2;
				TARGETED_DEVICE_FAMILY = "1,2";
				TEST_TARGET_NAME = aircredit;
			};
			name = Debug;
		};
		92608D3E21B94C89000A419A /* Release */ = {
			isa = XCBuildConfiguration;
			baseConfigurationReference = 99B26546F51929CC8A178181 /* Pods-aircreditUITests.release.xcconfig */;
			buildSettings = {
				ALWAYS_EMBED_SWIFT_STANDARD_LIBRARIES = YES;
				CODE_SIGN_STYLE = Automatic;
				DEVELOPMENT_TEAM = D8282U6HWJ;
				INFOPLIST_FILE = aircreditUITests/Info.plist;
				LD_RUNPATH_SEARCH_PATHS = (
					"$(inherited)",
					"@executable_path/Frameworks",
					"@loader_path/Frameworks",
				);
				PRODUCT_BUNDLE_IDENTIFIER = credit.air.ios.aircreditUITests;
				PRODUCT_NAME = "$(TARGET_NAME)";
				SWIFT_VERSION = 4.2;
				TARGETED_DEVICE_FAMILY = "1,2";
				TEST_TARGET_NAME = aircredit;
			};
			name = Release;
		};
		9262DFAF21BDCB2800E35879 /* Debug */ = {
			isa = XCBuildConfiguration;
			buildSettings = {
				CODE_SIGN_STYLE = Automatic;
				DEBUG_INFORMATION_FORMAT = dwarf;
				DEVELOPMENT_TEAM = D8282U6HWJ;
				INFOPLIST_FILE = fastlaneSnapshots/Info.plist;
				LD_RUNPATH_SEARCH_PATHS = (
					"$(inherited)",
					"@executable_path/Frameworks",
					"@loader_path/Frameworks",
				);
				PRODUCT_BUNDLE_IDENTIFIER = credit.air.ios.fastlaneSnapshots;
				PRODUCT_NAME = "$(TARGET_NAME)";
				SWIFT_VERSION = 4.2;
				TARGETED_DEVICE_FAMILY = "1,2";
				TEST_TARGET_NAME = aircredit;
			};
			name = Debug;
		};
		9262DFB021BDCB2800E35879 /* Release */ = {
			isa = XCBuildConfiguration;
			buildSettings = {
				CODE_SIGN_STYLE = Automatic;
				DEVELOPMENT_TEAM = D8282U6HWJ;
				INFOPLIST_FILE = fastlaneSnapshots/Info.plist;
				LD_RUNPATH_SEARCH_PATHS = (
					"$(inherited)",
					"@executable_path/Frameworks",
					"@loader_path/Frameworks",
				);
				PRODUCT_BUNDLE_IDENTIFIER = credit.air.ios.fastlaneSnapshots;
				PRODUCT_NAME = "$(TARGET_NAME)";
				SWIFT_VERSION = 4.2;
				TARGETED_DEVICE_FAMILY = "1,2";
				TEST_TARGET_NAME = aircredit;
			};
			name = Release;
		};
/* End XCBuildConfiguration section */

/* Begin XCConfigurationList section */
		92608D0921B94C88000A419A /* Build configuration list for PBXProject "aircredit" */ = {
			isa = XCConfigurationList;
			buildConfigurations = (
				92608D3421B94C89000A419A /* Debug */,
				92608D3521B94C89000A419A /* Release */,
			);
			defaultConfigurationIsVisible = 0;
			defaultConfigurationName = Release;
		};
		92608D3621B94C89000A419A /* Build configuration list for PBXNativeTarget "aircredit" */ = {
			isa = XCConfigurationList;
			buildConfigurations = (
				92608D3721B94C89000A419A /* Debug */,
				92608D3821B94C89000A419A /* Release */,
			);
			defaultConfigurationIsVisible = 0;
			defaultConfigurationName = Release;
		};
		92608D3921B94C89000A419A /* Build configuration list for PBXNativeTarget "aircreditTests" */ = {
			isa = XCConfigurationList;
			buildConfigurations = (
				92608D3A21B94C89000A419A /* Debug */,
				92608D3B21B94C89000A419A /* Release */,
			);
			defaultConfigurationIsVisible = 0;
			defaultConfigurationName = Release;
		};
		92608D3C21B94C89000A419A /* Build configuration list for PBXNativeTarget "aircreditUITests" */ = {
			isa = XCConfigurationList;
			buildConfigurations = (
				92608D3D21B94C89000A419A /* Debug */,
				92608D3E21B94C89000A419A /* Release */,
			);
			defaultConfigurationIsVisible = 0;
			defaultConfigurationName = Release;
		};
		9262DFAE21BDCB2800E35879 /* Build configuration list for PBXNativeTarget "fastlaneSnapshots" */ = {
			isa = XCConfigurationList;
			buildConfigurations = (
				9262DFAF21BDCB2800E35879 /* Debug */,
				9262DFB021BDCB2800E35879 /* Release */,
			);
			defaultConfigurationIsVisible = 0;
			defaultConfigurationName = Release;
		};
/* End XCConfigurationList section */
	};
	rootObject = 92608D0621B94C88000A419A /* Project object */;
}
